
Microsoft Visual Studio Solution File, Format Version 12.00
# Visual Studio Version 17
VisualStudioVersion = 17.7.34024.191
MinimumVisualStudioVersion = 10.0.40219.1
Project("{FAE04EC0-301F-11D3-BF4B-00C04F79EFBC}") = "OOP_lab11", "OOP_lab11.csproj", "{E0253CA5-2BEE-4692-B52C-17DF160A42CA}"
EndProject
Global
	GlobalSection(SolutionConfigurationPlatforms) = preSolution
		Debug|Any CPU = Debug|Any CPU
		Release|Any CPU = Release|Any CPU
	EndGlobalSection
	GlobalSection(ProjectConfigurationPlatforms) = postSolution
		{E0253CA5-2BEE-4692-B52C-17DF160A42CA}.Debug|Any CPU.ActiveCfg = Debug|Any CPU
		{E0253CA5-2BEE-4692-B52C-17DF160A42CA}.Debug|Any CPU.Build.0 = Debug|Any CPU
		{E0253CA5-2BEE-4692-B52C-17DF160A42CA}.Release|Any CPU.ActiveCfg = Release|Any CPU
		{E0253CA5-2BEE-4692-B52C-17DF160A42CA}.Release|Any CPU.Build.0 = Release|Any CPU
	EndGlobalSection
	GlobalSection(SolutionProperties) = preSolution
		HideSolutionNode = FALSE
	EndGlobalSection
	GlobalSection(ExtensibilityGlobals) = postSolution
		SolutionGuid = {9C3D6508-0A78-4C95-9FE2-8F59E717EF75}
	EndGlobalSection
EndGlobal
