
Microsoft Visual Studio Solution File, Format Version 12.00
# Visual Studio Version 17
VisualStudioVersion = 17.6.33815.320
MinimumVisualStudioVersion = 10.0.40219.1
Project("{FAE04EC0-301F-11D3-BF4B-00C04F79EFBC}") = "OOP_lab1", "OOP_lab1.csproj", "{EBB3D208-F9FB-454A-8190-0579AC8997F1}"
EndProject
Global
	GlobalSection(SolutionConfigurationPlatforms) = preSolution
		Debug|Any CPU = Debug|Any CPU
		Release|Any CPU = Release|Any CPU
	EndGlobalSection
	GlobalSection(ProjectConfigurationPlatforms) = postSolution
		{EBB3D208-F9FB-454A-8190-0579AC8997F1}.Debug|Any CPU.ActiveCfg = Debug|Any CPU
		{EBB3D208-F9FB-454A-8190-0579AC8997F1}.Debug|Any CPU.Build.0 = Debug|Any CPU
		{EBB3D208-F9FB-454A-8190-0579AC8997F1}.Release|Any CPU.ActiveCfg = Release|Any CPU
		{EBB3D208-F9FB-454A-8190-0579AC8997F1}.Release|Any CPU.Build.0 = Release|Any CPU
	EndGlobalSection
	GlobalSection(SolutionProperties) = preSolution
		HideSolutionNode = FALSE
	EndGlobalSection
	GlobalSection(ExtensibilityGlobals) = postSolution
		SolutionGuid = {1DA66E07-9ED4-42F2-90B5-CFA3949FAFB1}
	EndGlobalSection
EndGlobal
