
Microsoft Visual Studio Solution File, Format Version 12.00
# Visual Studio Version 17
VisualStudioVersion = 17.7.34024.191
MinimumVisualStudioVersion = 10.0.40219.1
Project("{9A19103F-16F7-4668-BE54-9A1E7A4F7556}") = "RSA", "RSA.csproj", "{0C743C3F-7FC1-4FAE-AE3B-B5BBBE2A56ED}"
EndProject
Global
	GlobalSection(SolutionConfigurationPlatforms) = preSolution
		Debug|Any CPU = Debug|Any CPU
		Release|Any CPU = Release|Any CPU
	EndGlobalSection
	GlobalSection(ProjectConfigurationPlatforms) = postSolution
		{0C743C3F-7FC1-4FAE-AE3B-B5BBBE2A56ED}.Debug|Any CPU.ActiveCfg = Debug|Any CPU
		{0C743C3F-7FC1-4FAE-AE3B-B5BBBE2A56ED}.Debug|Any CPU.Build.0 = Debug|Any CPU
		{0C743C3F-7FC1-4FAE-AE3B-B5BBBE2A56ED}.Release|Any CPU.ActiveCfg = Release|Any CPU
		{0C743C3F-7FC1-4FAE-AE3B-B5BBBE2A56ED}.Release|Any CPU.Build.0 = Release|Any CPU
	EndGlobalSection
	GlobalSection(SolutionProperties) = preSolution
		HideSolutionNode = FALSE
	EndGlobalSection
	GlobalSection(ExtensibilityGlobals) = postSolution
		SolutionGuid = {695606E5-CAC6-4D39-8CDF-D969A3F166FD}
	EndGlobalSection
EndGlobal
