
Microsoft Visual Studio Solution File, Format Version 12.00
# Visual Studio Version 16
VisualStudioVersion = 16.0.32929.386
MinimumVisualStudioVersion = 10.0.40219.1
Project("{8BC9CEB8-8B4A-11D0-8D11-00A0C91BC942}") = "lab05_v02_n01", "lab05_v02_n01.vcxproj", "{BF53148A-F085-455F-8D2B-5299975BD80E}"
EndProject
Project("{8BC9CEB8-8B4A-11D0-8D11-00A0C91BC942}") = "lab05_v02_n02", "..\lab05_v02_n02\lab05_v02_n02.vcxproj", "{87EF2659-DF9A-4CED-8616-C60D60ADDE90}"
EndProject
Project("{8BC9CEB8-8B4A-11D0-8D11-00A0C91BC942}") = "lab05_v13_n01", "..\lab05_v13_n01\lab05_v13_n01.vcxproj", "{EF2F50F8-AFE5-487E-9EBA-D634DBA1CE4D}"
EndProject
Project("{8BC9CEB8-8B4A-11D0-8D11-00A0C91BC942}") = "lab05_v14_n02", "..\lab05_v14_n02\lab05_v14_n02.vcxproj", "{0BA142BB-41AD-4CB0-857A-F73C5838D988}"
EndProject
Project("{8BC9CEB8-8B4A-11D0-8D11-00A0C91BC942}") = "lab05_v01_n01", "..\lab05_v01_n01\lab05_v01_n01.vcxproj", "{84B214F4-2E8A-4AF7-8E35-4CC30391EF3D}"
EndProject
Project("{8BC9CEB8-8B4A-11D0-8D11-00A0C91BC942}") = "lab05_v01_n02", "..\lab05_v01_n02\lab05_v01_n02.vcxproj", "{FBC8ACC9-BE30-411F-922A-9E8935FCF9A2}"
EndProject
Project("{8BC9CEB8-8B4A-11D0-8D11-00A0C91BC942}") = "lab05_v10_n01", "..\lab05_v10_n01\lab05_v10_n01.vcxproj", "{E657E33E-05BC-4AE5-AE79-E7876C36E2A6}"
EndProject
Project("{8BC9CEB8-8B4A-11D0-8D11-00A0C91BC942}") = "lab05_v16_n01", "..\lab05_v16_n01\lab05_v16_n01.vcxproj", "{6FF50285-04F8-4967-BD03-7C7D80D2357A}"
EndProject
Project("{8BC9CEB8-8B4A-11D0-8D11-00A0C91BC942}") = "lab05_v16_n02", "..\lab05_v16_n02\lab05_v16_n02.vcxproj", "{C354A85A-22F2-4CEF-B11A-A66E430AC96D}"
EndProject
Project("{8BC9CEB8-8B4A-11D0-8D11-00A0C91BC942}") = "lab05_v05_n01", "..\lab05_v05_n01\lab05_v05_n01.vcxproj", "{91D3FC52-6D63-4987-9DE4-4414B607C4CE}"
EndProject
Project("{8BC9CEB8-8B4A-11D0-8D11-00A0C91BC942}") = "lab05_v05_n02", "..\lab05_v05_n02\lab05_v05_n02.vcxproj", "{E2D638AE-48C6-4797-A0E0-FB6F0D3CCA30}"
EndProject
Global
	GlobalSection(SolutionConfigurationPlatforms) = preSolution
		Debug|x64 = Debug|x64
		Debug|x86 = Debug|x86
		Release|x64 = Release|x64
		Release|x86 = Release|x86
	EndGlobalSection
	GlobalSection(ProjectConfigurationPlatforms) = postSolution
		{BF53148A-F085-455F-8D2B-5299975BD80E}.Debug|x64.ActiveCfg = Debug|x64
		{BF53148A-F085-455F-8D2B-5299975BD80E}.Debug|x64.Build.0 = Debug|x64
		{BF53148A-F085-455F-8D2B-5299975BD80E}.Debug|x86.ActiveCfg = Debug|Win32
		{BF53148A-F085-455F-8D2B-5299975BD80E}.Debug|x86.Build.0 = Debug|Win32
		{BF53148A-F085-455F-8D2B-5299975BD80E}.Release|x64.ActiveCfg = Release|x64
		{BF53148A-F085-455F-8D2B-5299975BD80E}.Release|x64.Build.0 = Release|x64
		{BF53148A-F085-455F-8D2B-5299975BD80E}.Release|x86.ActiveCfg = Release|Win32
		{BF53148A-F085-455F-8D2B-5299975BD80E}.Release|x86.Build.0 = Release|Win32
		{87EF2659-DF9A-4CED-8616-C60D60ADDE90}.Debug|x64.ActiveCfg = Debug|x64
		{87EF2659-DF9A-4CED-8616-C60D60ADDE90}.Debug|x64.Build.0 = Debug|x64
		{87EF2659-DF9A-4CED-8616-C60D60ADDE90}.Debug|x86.ActiveCfg = Debug|Win32
		{87EF2659-DF9A-4CED-8616-C60D60ADDE90}.Debug|x86.Build.0 = Debug|Win32
		{87EF2659-DF9A-4CED-8616-C60D60ADDE90}.Release|x64.ActiveCfg = Release|x64
		{87EF2659-DF9A-4CED-8616-C60D60ADDE90}.Release|x64.Build.0 = Release|x64
		{87EF2659-DF9A-4CED-8616-C60D60ADDE90}.Release|x86.ActiveCfg = Release|Win32
		{87EF2659-DF9A-4CED-8616-C60D60ADDE90}.Release|x86.Build.0 = Release|Win32
		{EF2F50F8-AFE5-487E-9EBA-D634DBA1CE4D}.Debug|x64.ActiveCfg = Debug|x64
		{EF2F50F8-AFE5-487E-9EBA-D634DBA1CE4D}.Debug|x64.Build.0 = Debug|x64
		{EF2F50F8-AFE5-487E-9EBA-D634DBA1CE4D}.Debug|x86.ActiveCfg = Debug|Win32
		{EF2F50F8-AFE5-487E-9EBA-D634DBA1CE4D}.Debug|x86.Build.0 = Debug|Win32
		{EF2F50F8-AFE5-487E-9EBA-D634DBA1CE4D}.Release|x64.ActiveCfg = Release|x64
		{EF2F50F8-AFE5-487E-9EBA-D634DBA1CE4D}.Release|x64.Build.0 = Release|x64
		{EF2F50F8-AFE5-487E-9EBA-D634DBA1CE4D}.Release|x86.ActiveCfg = Release|Win32
		{EF2F50F8-AFE5-487E-9EBA-D634DBA1CE4D}.Release|x86.Build.0 = Release|Win32
		{0BA142BB-41AD-4CB0-857A-F73C5838D988}.Debug|x64.ActiveCfg = Debug|x64
		{0BA142BB-41AD-4CB0-857A-F73C5838D988}.Debug|x64.Build.0 = Debug|x64
		{0BA142BB-41AD-4CB0-857A-F73C5838D988}.Debug|x86.ActiveCfg = Debug|Win32
		{0BA142BB-41AD-4CB0-857A-F73C5838D988}.Debug|x86.Build.0 = Debug|Win32
		{0BA142BB-41AD-4CB0-857A-F73C5838D988}.Release|x64.ActiveCfg = Release|x64
		{0BA142BB-41AD-4CB0-857A-F73C5838D988}.Release|x64.Build.0 = Release|x64
		{0BA142BB-41AD-4CB0-857A-F73C5838D988}.Release|x86.ActiveCfg = Release|Win32
		{0BA142BB-41AD-4CB0-857A-F73C5838D988}.Release|x86.Build.0 = Release|Win32
		{84B214F4-2E8A-4AF7-8E35-4CC30391EF3D}.Debug|x64.ActiveCfg = Debug|x64
		{84B214F4-2E8A-4AF7-8E35-4CC30391EF3D}.Debug|x64.Build.0 = Debug|x64
		{84B214F4-2E8A-4AF7-8E35-4CC30391EF3D}.Debug|x86.ActiveCfg = Debug|Win32
		{84B214F4-2E8A-4AF7-8E35-4CC30391EF3D}.Debug|x86.Build.0 = Debug|Win32
		{84B214F4-2E8A-4AF7-8E35-4CC30391EF3D}.Release|x64.ActiveCfg = Release|x64
		{84B214F4-2E8A-4AF7-8E35-4CC30391EF3D}.Release|x64.Build.0 = Release|x64
		{84B214F4-2E8A-4AF7-8E35-4CC30391EF3D}.Release|x86.ActiveCfg = Release|Win32
		{84B214F4-2E8A-4AF7-8E35-4CC30391EF3D}.Release|x86.Build.0 = Release|Win32
		{FBC8ACC9-BE30-411F-922A-9E8935FCF9A2}.Debug|x64.ActiveCfg = Debug|x64
		{FBC8ACC9-BE30-411F-922A-9E8935FCF9A2}.Debug|x64.Build.0 = Debug|x64
		{FBC8ACC9-BE30-411F-922A-9E8935FCF9A2}.Debug|x86.ActiveCfg = Debug|Win32
		{FBC8ACC9-BE30-411F-922A-9E8935FCF9A2}.Debug|x86.Build.0 = Debug|Win32
		{FBC8ACC9-BE30-411F-922A-9E8935FCF9A2}.Release|x64.ActiveCfg = Release|x64
		{FBC8ACC9-BE30-411F-922A-9E8935FCF9A2}.Release|x64.Build.0 = Release|x64
		{FBC8ACC9-BE30-411F-922A-9E8935FCF9A2}.Release|x86.ActiveCfg = Release|Win32
		{FBC8ACC9-BE30-411F-922A-9E8935FCF9A2}.Release|x86.Build.0 = Release|Win32
		{E657E33E-05BC-4AE5-AE79-E7876C36E2A6}.Debug|x64.ActiveCfg = Debug|x64
		{E657E33E-05BC-4AE5-AE79-E7876C36E2A6}.Debug|x64.Build.0 = Debug|x64
		{E657E33E-05BC-4AE5-AE79-E7876C36E2A6}.Debug|x86.ActiveCfg = Debug|Win32
		{E657E33E-05BC-4AE5-AE79-E7876C36E2A6}.Debug|x86.Build.0 = Debug|Win32
		{E657E33E-05BC-4AE5-AE79-E7876C36E2A6}.Release|x64.ActiveCfg = Release|x64
		{E657E33E-05BC-4AE5-AE79-E7876C36E2A6}.Release|x64.Build.0 = Release|x64
		{E657E33E-05BC-4AE5-AE79-E7876C36E2A6}.Release|x86.ActiveCfg = Release|Win32
		{E657E33E-05BC-4AE5-AE79-E7876C36E2A6}.Release|x86.Build.0 = Release|Win32
		{6FF50285-04F8-4967-BD03-7C7D80D2357A}.Debug|x64.ActiveCfg = Debug|x64
		{6FF50285-04F8-4967-BD03-7C7D80D2357A}.Debug|x64.Build.0 = Debug|x64
		{6FF50285-04F8-4967-BD03-7C7D80D2357A}.Debug|x86.ActiveCfg = Debug|Win32
		{6FF50285-04F8-4967-BD03-7C7D80D2357A}.Debug|x86.Build.0 = Debug|Win32
		{6FF50285-04F8-4967-BD03-7C7D80D2357A}.Release|x64.ActiveCfg = Release|x64
		{6FF50285-04F8-4967-BD03-7C7D80D2357A}.Release|x64.Build.0 = Release|x64
		{6FF50285-04F8-4967-BD03-7C7D80D2357A}.Release|x86.ActiveCfg = Release|Win32
		{6FF50285-04F8-4967-BD03-7C7D80D2357A}.Release|x86.Build.0 = Release|Win32
		{C354A85A-22F2-4CEF-B11A-A66E430AC96D}.Debug|x64.ActiveCfg = Debug|x64
		{C354A85A-22F2-4CEF-B11A-A66E430AC96D}.Debug|x64.Build.0 = Debug|x64
		{C354A85A-22F2-4CEF-B11A-A66E430AC96D}.Debug|x86.ActiveCfg = Debug|Win32
		{C354A85A-22F2-4CEF-B11A-A66E430AC96D}.Debug|x86.Build.0 = Debug|Win32
		{C354A85A-22F2-4CEF-B11A-A66E430AC96D}.Release|x64.ActiveCfg = Release|x64
		{C354A85A-22F2-4CEF-B11A-A66E430AC96D}.Release|x64.Build.0 = Release|x64
		{C354A85A-22F2-4CEF-B11A-A66E430AC96D}.Release|x86.ActiveCfg = Release|Win32
		{C354A85A-22F2-4CEF-B11A-A66E430AC96D}.Release|x86.Build.0 = Release|Win32
		{91D3FC52-6D63-4987-9DE4-4414B607C4CE}.Debug|x64.ActiveCfg = Debug|x64
		{91D3FC52-6D63-4987-9DE4-4414B607C4CE}.Debug|x64.Build.0 = Debug|x64
		{91D3FC52-6D63-4987-9DE4-4414B607C4CE}.Debug|x86.ActiveCfg = Debug|Win32
		{91D3FC52-6D63-4987-9DE4-4414B607C4CE}.Debug|x86.Build.0 = Debug|Win32
		{91D3FC52-6D63-4987-9DE4-4414B607C4CE}.Release|x64.ActiveCfg = Release|x64
		{91D3FC52-6D63-4987-9DE4-4414B607C4CE}.Release|x64.Build.0 = Release|x64
		{91D3FC52-6D63-4987-9DE4-4414B607C4CE}.Release|x86.ActiveCfg = Release|Win32
		{91D3FC52-6D63-4987-9DE4-4414B607C4CE}.Release|x86.Build.0 = Release|Win32
		{E2D638AE-48C6-4797-A0E0-FB6F0D3CCA30}.Debug|x64.ActiveCfg = Debug|x64
		{E2D638AE-48C6-4797-A0E0-FB6F0D3CCA30}.Debug|x64.Build.0 = Debug|x64
		{E2D638AE-48C6-4797-A0E0-FB6F0D3CCA30}.Debug|x86.ActiveCfg = Debug|Win32
		{E2D638AE-48C6-4797-A0E0-FB6F0D3CCA30}.Debug|x86.Build.0 = Debug|Win32
		{E2D638AE-48C6-4797-A0E0-FB6F0D3CCA30}.Release|x64.ActiveCfg = Release|x64
		{E2D638AE-48C6-4797-A0E0-FB6F0D3CCA30}.Release|x64.Build.0 = Release|x64
		{E2D638AE-48C6-4797-A0E0-FB6F0D3CCA30}.Release|x86.ActiveCfg = Release|Win32
		{E2D638AE-48C6-4797-A0E0-FB6F0D3CCA30}.Release|x86.Build.0 = Release|Win32
	EndGlobalSection
	GlobalSection(SolutionProperties) = preSolution
		HideSolutionNode = FALSE
	EndGlobalSection
	GlobalSection(ExtensibilityGlobals) = postSolution
		SolutionGuid = {48B6E716-44D3-41C8-B2D0-CB9319A83167}
	EndGlobalSection
EndGlobal
