
Microsoft Visual Studio Solution File, Format Version 12.00
# Visual Studio Version 17
VisualStudioVersion = 17.10.35027.167
MinimumVisualStudioVersion = 10.0.40219.1
Project("{FAE04EC0-301F-11D3-BF4B-00C04F79EFBC}") = "OS-lab8-2", "OS-lab8-2.csproj", "{E59C0BA6-AE8C-4134-84A5-1B69CEB07756}"
EndProject
Global
	GlobalSection(SolutionConfigurationPlatforms) = preSolution
		Debug|Any CPU = Debug|Any CPU
		Release|Any CPU = Release|Any CPU
	EndGlobalSection
	GlobalSection(ProjectConfigurationPlatforms) = postSolution
		{E59C0BA6-AE8C-4134-84A5-1B69CEB07756}.Debug|Any CPU.ActiveCfg = Release|Any CPU
		{E59C0BA6-AE8C-4134-84A5-1B69CEB07756}.Debug|Any CPU.Build.0 = Release|Any CPU
		{E59C0BA6-AE8C-4134-84A5-1B69CEB07756}.Release|Any CPU.ActiveCfg = Release|Any CPU
		{E59C0BA6-AE8C-4134-84A5-1B69CEB07756}.Release|Any CPU.Build.0 = Release|Any CPU
	EndGlobalSection
	GlobalSection(SolutionProperties) = preSolution
		HideSolutionNode = FALSE
	EndGlobalSection
	GlobalSection(ExtensibilityGlobals) = postSolution
		SolutionGuid = {C6987CD4-1237-45B0-808F-CBC0FE45E6E3}
	EndGlobalSection
EndGlobal
