
Microsoft Visual Studio Solution File, Format Version 12.00
# Visual Studio Version 17
VisualStudioVersion = 17.10.35027.167
MinimumVisualStudioVersion = 10.0.40219.1
Project("{8BC9CEB8-8B4A-11D0-8D11-00A0C91BC942}") = "OS-lab4", "OS-lab4.vcxproj", "{AD0E01AD-78FB-4430-8C0B-AAB270D7391F}"
EndProject
Project("{8BC9CEB8-8B4A-11D0-8D11-00A0C91BC942}") = "OS-lab4-task2", "..\OS-lab4-task2\OS-lab4-task2.vcxproj", "{BAE5D80B-2062-4666-8B21-11F4DFC54230}"
EndProject
Project("{8BC9CEB8-8B4A-11D0-8D11-00A0C91BC942}") = "OS-lab4-task3", "..\OS-lab4-task3\OS-lab4-task3.vcxproj", "{409D734F-4435-4917-8770-EA71FB2456CD}"
EndProject
Project("{FAE04EC0-301F-11D3-BF4B-00C04F79EFBC}") = "OS-lab4-task6", "..\OS-lab4-task6\OS-lab4-task6.csproj", "{360569A8-8B4D-4499-A99A-E00F13189990}"
EndProject
Project("{FAE04EC0-301F-11D3-BF4B-00C04F79EFBC}") = "OS-lab4-task4", "..\OS-lab4-task4\OS-lab4-task4.csproj", "{7B9CD87E-B89C-4F98-BFAB-19EFC32EAF00}"
EndProject
Project("{FAE04EC0-301F-11D3-BF4B-00C04F79EFBC}") = "OS-lab4-task5", "..\OS-lab4-task5\OS-lab4-task5.csproj", "{D9B6E108-6D56-449C-A288-7DBE9E0561E6}"
EndProject
Project("{FAE04EC0-301F-11D3-BF4B-00C04F79EFBC}") = "OS-lab4-task7", "..\OS-lab4-task7\OS-lab4-task7.csproj", "{1C47DC11-998A-4179-8D4D-E20544302CA6}"
EndProject
Project("{FAE04EC0-301F-11D3-BF4B-00C04F79EFBC}") = "OS-lab4-task8", "..\OS-lab4-task8\OS-lab4-task8.csproj", "{FC8135AF-F955-4BC6-B403-873D20FAD813}"
EndProject
Project("{FAE04EC0-301F-11D3-BF4B-00C04F79EFBC}") = "OS-lab4-task9", "..\OS-lab4-task9\OS-lab4-task9.csproj", "{C1E897DC-1FED-46E5-838A-B041A95C0F42}"
EndProject
Project("{FAE04EC0-301F-11D3-BF4B-00C04F79EFBC}") = "OS-lab4-task10", "..\OS-lab4-task10\OS-lab4-task10.csproj", "{88971C7F-FDA6-49EC-B43F-4D4B69CA2E25}"
EndProject
Global
	GlobalSection(SolutionConfigurationPlatforms) = preSolution
		Debug|Any CPU = Debug|Any CPU
		Debug|x64 = Debug|x64
		Debug|x86 = Debug|x86
		Release|Any CPU = Release|Any CPU
		Release|x64 = Release|x64
		Release|x86 = Release|x86
	EndGlobalSection
	GlobalSection(ProjectConfigurationPlatforms) = postSolution
		{AD0E01AD-78FB-4430-8C0B-AAB270D7391F}.Debug|Any CPU.ActiveCfg = Debug|x64
		{AD0E01AD-78FB-4430-8C0B-AAB270D7391F}.Debug|Any CPU.Build.0 = Debug|x64
		{AD0E01AD-78FB-4430-8C0B-AAB270D7391F}.Debug|x64.ActiveCfg = Debug|x64
		{AD0E01AD-78FB-4430-8C0B-AAB270D7391F}.Debug|x64.Build.0 = Debug|x64
		{AD0E01AD-78FB-4430-8C0B-AAB270D7391F}.Debug|x86.ActiveCfg = Debug|Win32
		{AD0E01AD-78FB-4430-8C0B-AAB270D7391F}.Debug|x86.Build.0 = Debug|Win32
		{AD0E01AD-78FB-4430-8C0B-AAB270D7391F}.Release|Any CPU.ActiveCfg = Release|x64
		{AD0E01AD-78FB-4430-8C0B-AAB270D7391F}.Release|Any CPU.Build.0 = Release|x64
		{AD0E01AD-78FB-4430-8C0B-AAB270D7391F}.Release|x64.ActiveCfg = Release|x64
		{AD0E01AD-78FB-4430-8C0B-AAB270D7391F}.Release|x64.Build.0 = Release|x64
		{AD0E01AD-78FB-4430-8C0B-AAB270D7391F}.Release|x86.ActiveCfg = Release|Win32
		{AD0E01AD-78FB-4430-8C0B-AAB270D7391F}.Release|x86.Build.0 = Release|Win32
		{BAE5D80B-2062-4666-8B21-11F4DFC54230}.Debug|Any CPU.ActiveCfg = Debug|x64
		{BAE5D80B-2062-4666-8B21-11F4DFC54230}.Debug|Any CPU.Build.0 = Debug|x64
		{BAE5D80B-2062-4666-8B21-11F4DFC54230}.Debug|x64.ActiveCfg = Debug|x64
		{BAE5D80B-2062-4666-8B21-11F4DFC54230}.Debug|x64.Build.0 = Debug|x64
		{BAE5D80B-2062-4666-8B21-11F4DFC54230}.Debug|x86.ActiveCfg = Debug|Win32
		{BAE5D80B-2062-4666-8B21-11F4DFC54230}.Debug|x86.Build.0 = Debug|Win32
		{BAE5D80B-2062-4666-8B21-11F4DFC54230}.Release|Any CPU.ActiveCfg = Release|x64
		{BAE5D80B-2062-4666-8B21-11F4DFC54230}.Release|Any CPU.Build.0 = Release|x64
		{BAE5D80B-2062-4666-8B21-11F4DFC54230}.Release|x64.ActiveCfg = Release|x64
		{BAE5D80B-2062-4666-8B21-11F4DFC54230}.Release|x64.Build.0 = Release|x64
		{BAE5D80B-2062-4666-8B21-11F4DFC54230}.Release|x86.ActiveCfg = Release|Win32
		{BAE5D80B-2062-4666-8B21-11F4DFC54230}.Release|x86.Build.0 = Release|Win32
		{409D734F-4435-4917-8770-EA71FB2456CD}.Debug|Any CPU.ActiveCfg = Debug|x64
		{409D734F-4435-4917-8770-EA71FB2456CD}.Debug|Any CPU.Build.0 = Debug|x64
		{409D734F-4435-4917-8770-EA71FB2456CD}.Debug|x64.ActiveCfg = Debug|x64
		{409D734F-4435-4917-8770-EA71FB2456CD}.Debug|x64.Build.0 = Debug|x64
		{409D734F-4435-4917-8770-EA71FB2456CD}.Debug|x86.ActiveCfg = Debug|Win32
		{409D734F-4435-4917-8770-EA71FB2456CD}.Debug|x86.Build.0 = Debug|Win32
		{409D734F-4435-4917-8770-EA71FB2456CD}.Release|Any CPU.ActiveCfg = Release|x64
		{409D734F-4435-4917-8770-EA71FB2456CD}.Release|Any CPU.Build.0 = Release|x64
		{409D734F-4435-4917-8770-EA71FB2456CD}.Release|x64.ActiveCfg = Release|x64
		{409D734F-4435-4917-8770-EA71FB2456CD}.Release|x64.Build.0 = Release|x64
		{409D734F-4435-4917-8770-EA71FB2456CD}.Release|x86.ActiveCfg = Release|Win32
		{409D734F-4435-4917-8770-EA71FB2456CD}.Release|x86.Build.0 = Release|Win32
		{360569A8-8B4D-4499-A99A-E00F13189990}.Debug|Any CPU.ActiveCfg = Debug|Any CPU
		{360569A8-8B4D-4499-A99A-E00F13189990}.Debug|Any CPU.Build.0 = Debug|Any CPU
		{360569A8-8B4D-4499-A99A-E00F13189990}.Debug|x64.ActiveCfg = Debug|Any CPU
		{360569A8-8B4D-4499-A99A-E00F13189990}.Debug|x64.Build.0 = Debug|Any CPU
		{360569A8-8B4D-4499-A99A-E00F13189990}.Debug|x86.ActiveCfg = Debug|Any CPU
		{360569A8-8B4D-4499-A99A-E00F13189990}.Debug|x86.Build.0 = Debug|Any CPU
		{360569A8-8B4D-4499-A99A-E00F13189990}.Release|Any CPU.ActiveCfg = Release|Any CPU
		{360569A8-8B4D-4499-A99A-E00F13189990}.Release|Any CPU.Build.0 = Release|Any CPU
		{360569A8-8B4D-4499-A99A-E00F13189990}.Release|x64.ActiveCfg = Release|Any CPU
		{360569A8-8B4D-4499-A99A-E00F13189990}.Release|x64.Build.0 = Release|Any CPU
		{360569A8-8B4D-4499-A99A-E00F13189990}.Release|x86.ActiveCfg = Release|Any CPU
		{360569A8-8B4D-4499-A99A-E00F13189990}.Release|x86.Build.0 = Release|Any CPU
		{7B9CD87E-B89C-4F98-BFAB-19EFC32EAF00}.Debug|Any CPU.ActiveCfg = Debug|Any CPU
		{7B9CD87E-B89C-4F98-BFAB-19EFC32EAF00}.Debug|Any CPU.Build.0 = Debug|Any CPU
		{7B9CD87E-B89C-4F98-BFAB-19EFC32EAF00}.Debug|x64.ActiveCfg = Debug|Any CPU
		{7B9CD87E-B89C-4F98-BFAB-19EFC32EAF00}.Debug|x64.Build.0 = Debug|Any CPU
		{7B9CD87E-B89C-4F98-BFAB-19EFC32EAF00}.Debug|x86.ActiveCfg = Debug|Any CPU
		{7B9CD87E-B89C-4F98-BFAB-19EFC32EAF00}.Debug|x86.Build.0 = Debug|Any CPU
		{7B9CD87E-B89C-4F98-BFAB-19EFC32EAF00}.Release|Any CPU.ActiveCfg = Release|Any CPU
		{7B9CD87E-B89C-4F98-BFAB-19EFC32EAF00}.Release|Any CPU.Build.0 = Release|Any CPU
		{7B9CD87E-B89C-4F98-BFAB-19EFC32EAF00}.Release|x64.ActiveCfg = Release|Any CPU
		{7B9CD87E-B89C-4F98-BFAB-19EFC32EAF00}.Release|x64.Build.0 = Release|Any CPU
		{7B9CD87E-B89C-4F98-BFAB-19EFC32EAF00}.Release|x86.ActiveCfg = Release|Any CPU
		{7B9CD87E-B89C-4F98-BFAB-19EFC32EAF00}.Release|x86.Build.0 = Release|Any CPU
		{D9B6E108-6D56-449C-A288-7DBE9E0561E6}.Debug|Any CPU.ActiveCfg = Debug|Any CPU
		{D9B6E108-6D56-449C-A288-7DBE9E0561E6}.Debug|Any CPU.Build.0 = Debug|Any CPU
		{D9B6E108-6D56-449C-A288-7DBE9E0561E6}.Debug|x64.ActiveCfg = Debug|Any CPU
		{D9B6E108-6D56-449C-A288-7DBE9E0561E6}.Debug|x64.Build.0 = Debug|Any CPU
		{D9B6E108-6D56-449C-A288-7DBE9E0561E6}.Debug|x86.ActiveCfg = Debug|Any CPU
		{D9B6E108-6D56-449C-A288-7DBE9E0561E6}.Debug|x86.Build.0 = Debug|Any CPU
		{D9B6E108-6D56-449C-A288-7DBE9E0561E6}.Release|Any CPU.ActiveCfg = Release|Any CPU
		{D9B6E108-6D56-449C-A288-7DBE9E0561E6}.Release|Any CPU.Build.0 = Release|Any CPU
		{D9B6E108-6D56-449C-A288-7DBE9E0561E6}.Release|x64.ActiveCfg = Release|Any CPU
		{D9B6E108-6D56-449C-A288-7DBE9E0561E6}.Release|x64.Build.0 = Release|Any CPU
		{D9B6E108-6D56-449C-A288-7DBE9E0561E6}.Release|x86.ActiveCfg = Release|Any CPU
		{D9B6E108-6D56-449C-A288-7DBE9E0561E6}.Release|x86.Build.0 = Release|Any CPU
		{1C47DC11-998A-4179-8D4D-E20544302CA6}.Debug|Any CPU.ActiveCfg = Debug|Any CPU
		{1C47DC11-998A-4179-8D4D-E20544302CA6}.Debug|Any CPU.Build.0 = Debug|Any CPU
		{1C47DC11-998A-4179-8D4D-E20544302CA6}.Debug|x64.ActiveCfg = Debug|Any CPU
		{1C47DC11-998A-4179-8D4D-E20544302CA6}.Debug|x64.Build.0 = Debug|Any CPU
		{1C47DC11-998A-4179-8D4D-E20544302CA6}.Debug|x86.ActiveCfg = Debug|Any CPU
		{1C47DC11-998A-4179-8D4D-E20544302CA6}.Debug|x86.Build.0 = Debug|Any CPU
		{1C47DC11-998A-4179-8D4D-E20544302CA6}.Release|Any CPU.ActiveCfg = Release|Any CPU
		{1C47DC11-998A-4179-8D4D-E20544302CA6}.Release|Any CPU.Build.0 = Release|Any CPU
		{1C47DC11-998A-4179-8D4D-E20544302CA6}.Release|x64.ActiveCfg = Release|Any CPU
		{1C47DC11-998A-4179-8D4D-E20544302CA6}.Release|x64.Build.0 = Release|Any CPU
		{1C47DC11-998A-4179-8D4D-E20544302CA6}.Release|x86.ActiveCfg = Release|Any CPU
		{1C47DC11-998A-4179-8D4D-E20544302CA6}.Release|x86.Build.0 = Release|Any CPU
		{FC8135AF-F955-4BC6-B403-873D20FAD813}.Debug|Any CPU.ActiveCfg = Debug|Any CPU
		{FC8135AF-F955-4BC6-B403-873D20FAD813}.Debug|Any CPU.Build.0 = Debug|Any CPU
		{FC8135AF-F955-4BC6-B403-873D20FAD813}.Debug|x64.ActiveCfg = Debug|Any CPU
		{FC8135AF-F955-4BC6-B403-873D20FAD813}.Debug|x64.Build.0 = Debug|Any CPU
		{FC8135AF-F955-4BC6-B403-873D20FAD813}.Debug|x86.ActiveCfg = Debug|Any CPU
		{FC8135AF-F955-4BC6-B403-873D20FAD813}.Debug|x86.Build.0 = Debug|Any CPU
		{FC8135AF-F955-4BC6-B403-873D20FAD813}.Release|Any CPU.ActiveCfg = Release|Any CPU
		{FC8135AF-F955-4BC6-B403-873D20FAD813}.Release|Any CPU.Build.0 = Release|Any CPU
		{FC8135AF-F955-4BC6-B403-873D20FAD813}.Release|x64.ActiveCfg = Release|Any CPU
		{FC8135AF-F955-4BC6-B403-873D20FAD813}.Release|x64.Build.0 = Release|Any CPU
		{FC8135AF-F955-4BC6-B403-873D20FAD813}.Release|x86.ActiveCfg = Release|Any CPU
		{FC8135AF-F955-4BC6-B403-873D20FAD813}.Release|x86.Build.0 = Release|Any CPU
		{C1E897DC-1FED-46E5-838A-B041A95C0F42}.Debug|Any CPU.ActiveCfg = Debug|Any CPU
		{C1E897DC-1FED-46E5-838A-B041A95C0F42}.Debug|Any CPU.Build.0 = Debug|Any CPU
		{C1E897DC-1FED-46E5-838A-B041A95C0F42}.Debug|x64.ActiveCfg = Debug|Any CPU
		{C1E897DC-1FED-46E5-838A-B041A95C0F42}.Debug|x64.Build.0 = Debug|Any CPU
		{C1E897DC-1FED-46E5-838A-B041A95C0F42}.Debug|x86.ActiveCfg = Debug|Any CPU
		{C1E897DC-1FED-46E5-838A-B041A95C0F42}.Debug|x86.Build.0 = Debug|Any CPU
		{C1E897DC-1FED-46E5-838A-B041A95C0F42}.Release|Any CPU.ActiveCfg = Release|Any CPU
		{C1E897DC-1FED-46E5-838A-B041A95C0F42}.Release|Any CPU.Build.0 = Release|Any CPU
		{C1E897DC-1FED-46E5-838A-B041A95C0F42}.Release|x64.ActiveCfg = Release|Any CPU
		{C1E897DC-1FED-46E5-838A-B041A95C0F42}.Release|x64.Build.0 = Release|Any CPU
		{C1E897DC-1FED-46E5-838A-B041A95C0F42}.Release|x86.ActiveCfg = Release|Any CPU
		{C1E897DC-1FED-46E5-838A-B041A95C0F42}.Release|x86.Build.0 = Release|Any CPU
		{88971C7F-FDA6-49EC-B43F-4D4B69CA2E25}.Debug|Any CPU.ActiveCfg = Debug|Any CPU
		{88971C7F-FDA6-49EC-B43F-4D4B69CA2E25}.Debug|Any CPU.Build.0 = Debug|Any CPU
		{88971C7F-FDA6-49EC-B43F-4D4B69CA2E25}.Debug|x64.ActiveCfg = Debug|Any CPU
		{88971C7F-FDA6-49EC-B43F-4D4B69CA2E25}.Debug|x64.Build.0 = Debug|Any CPU
		{88971C7F-FDA6-49EC-B43F-4D4B69CA2E25}.Debug|x86.ActiveCfg = Debug|Any CPU
		{88971C7F-FDA6-49EC-B43F-4D4B69CA2E25}.Debug|x86.Build.0 = Debug|Any CPU
		{88971C7F-FDA6-49EC-B43F-4D4B69CA2E25}.Release|Any CPU.ActiveCfg = Release|Any CPU
		{88971C7F-FDA6-49EC-B43F-4D4B69CA2E25}.Release|Any CPU.Build.0 = Release|Any CPU
		{88971C7F-FDA6-49EC-B43F-4D4B69CA2E25}.Release|x64.ActiveCfg = Release|Any CPU
		{88971C7F-FDA6-49EC-B43F-4D4B69CA2E25}.Release|x64.Build.0 = Release|Any CPU
		{88971C7F-FDA6-49EC-B43F-4D4B69CA2E25}.Release|x86.ActiveCfg = Release|Any CPU
		{88971C7F-FDA6-49EC-B43F-4D4B69CA2E25}.Release|x86.Build.0 = Release|Any CPU
	EndGlobalSection
	GlobalSection(SolutionProperties) = preSolution
		HideSolutionNode = FALSE
	EndGlobalSection
	GlobalSection(ExtensibilityGlobals) = postSolution
		SolutionGuid = {8FE47D66-69BA-4734-A911-F8FC6392402C}
	EndGlobalSection
EndGlobal
