
Microsoft Visual Studio Solution File, Format Version 12.00
# Visual Studio Version 17
VisualStudioVersion = 17.7.34024.191
MinimumVisualStudioVersion = 10.0.40219.1
Project("{FAE04EC0-301F-11D3-BF4B-00C04F79EFBC}") = "OOP_KR", "OOP_KR.csproj", "{189ED022-34E2-4CA3-BDC4-F8021B037094}"
EndProject
Global
	GlobalSection(SolutionConfigurationPlatforms) = preSolution
		Debug|Any CPU = Debug|Any CPU
		Release|Any CPU = Release|Any CPU
	EndGlobalSection
	GlobalSection(ProjectConfigurationPlatforms) = postSolution
		{189ED022-34E2-4CA3-BDC4-F8021B037094}.Debug|Any CPU.ActiveCfg = Debug|Any CPU
		{189ED022-34E2-4CA3-BDC4-F8021B037094}.Debug|Any CPU.Build.0 = Debug|Any CPU
		{189ED022-34E2-4CA3-BDC4-F8021B037094}.Release|Any CPU.ActiveCfg = Release|Any CPU
		{189ED022-34E2-4CA3-BDC4-F8021B037094}.Release|Any CPU.Build.0 = Release|Any CPU
	EndGlobalSection
	GlobalSection(SolutionProperties) = preSolution
		HideSolutionNode = FALSE
	EndGlobalSection
	GlobalSection(ExtensibilityGlobals) = postSolution
		SolutionGuid = {4BBC5F8F-1AAC-47E4-975C-613671B59F5B}
	EndGlobalSection
EndGlobal
