
Microsoft Visual Studio Solution File, Format Version 12.00
# Visual Studio Version 17
VisualStudioVersion = 17.7.34024.191
MinimumVisualStudioVersion = 10.0.40219.1
Project("{FAE04EC0-301F-11D3-BF4B-00C04F79EFBC}") = "OOP_lab5", "OOP_lab5.csproj", "{87D888A5-500F-4D10-A860-78725ADC1766}"
EndProject
Global
	GlobalSection(SolutionConfigurationPlatforms) = preSolution
		Debug|Any CPU = Debug|Any CPU
		Release|Any CPU = Release|Any CPU
	EndGlobalSection
	GlobalSection(ProjectConfigurationPlatforms) = postSolution
		{87D888A5-500F-4D10-A860-78725ADC1766}.Debug|Any CPU.ActiveCfg = Debug|Any CPU
		{87D888A5-500F-4D10-A860-78725ADC1766}.Debug|Any CPU.Build.0 = Debug|Any CPU
		{87D888A5-500F-4D10-A860-78725ADC1766}.Release|Any CPU.ActiveCfg = Release|Any CPU
		{87D888A5-500F-4D10-A860-78725ADC1766}.Release|Any CPU.Build.0 = Release|Any CPU
	EndGlobalSection
	GlobalSection(SolutionProperties) = preSolution
		HideSolutionNode = FALSE
	EndGlobalSection
	GlobalSection(ExtensibilityGlobals) = postSolution
		SolutionGuid = {DC3A3C5C-19F2-47E4-ADB8-65FE2E7B38E5}
	EndGlobalSection
EndGlobal
